// !$*UTF8*$!
{
	archiveVersion = 1;
	classes = {
	};
	objectVersion = 46;
	objects = {

/* Begin PBXBuildFile section */
		05B34C7F19F8B1C10013B556 /* NoteDataStore.m in Sources */ = {isa = PBXBuildFile; fileRef = 05B34C7E19F8B1C10013B556 /* NoteDataStore.m */; };
		05B34C8219F8C8B90013B556 /* EditViewController.m in Sources */ = {isa = PBXBuildFile; fileRef = 05B34C8119F8C8B90013B556 /* EditViewController.m */; };
		05B34C8519F8EFB80013B556 /* NoteTableViewController.m in Sources */ = {isa = PBXBuildFile; fileRef = 05B34C8419F8EFB80013B556 /* NoteTableViewController.m */; };
		05B34C8819F8F0240013B556 /* TableViewCell.m in Sources */ = {isa = PBXBuildFile; fileRef = 05B34C8719F8F0240013B556 /* TableViewCell.m */; };
		05B517CC19F9FCBC00055574 /* Note.m in Sources */ = {isa = PBXBuildFile; fileRef = 05B517CB19F9FCBC00055574 /* Note.m */; };
		05CBBEB119F8666E004BA22F /* main.m in Sources */ = {isa = PBXBuildFile; fileRef = 05CBBEB019F8666E004BA22F /* main.m */; };
		05CBBEB419F8666E004BA22F /* AppDelegate.m in Sources */ = {isa = PBXBuildFile; fileRef = 05CBBEB319F8666E004BA22F /* AppDelegate.m */; };
		05CBBEBA19F8666E004BA22F /* Main.storyboard in Resources */ = {isa = PBXBuildFile; fileRef = 05CBBEB819F8666E004BA22F /* Main.storyboard */; };
		05CBBEBC19F8666E004BA22F /* Images.xcassets in Resources */ = {isa = PBXBuildFile; fileRef = 05CBBEBB19F8666E004BA22F /* Images.xcassets */; };
		05CBBEBF19F8666E004BA22F /* LaunchScreen.xib in Resources */ = {isa = PBXBuildFile; fileRef = 05CBBEBD19F8666E004BA22F /* LaunchScreen.xib */; };
		05CBBECB19F8666E004BA22F /* LucyListTests.m in Sources */ = {isa = PBXBuildFile; fileRef = 05CBBECA19F8666E004BA22F /* LucyListTests.m */; };
/* End PBXBuildFile section */

/* Begin PBXContainerItemProxy section */
		05CBBEC519F8666E004BA22F /* PBXContainerItemProxy */ = {
			isa = PBXContainerItemProxy;
			containerPortal = 05CBBEA319F8666E004BA22F /* Project object */;
			proxyType = 1;
			remoteGlobalIDString = 05CBBEAA19F8666E004BA22F;
			remoteInfo = LucyList;
		};
/* End PBXContainerItemProxy section */

/* Begin PBXFileReference section */
		05B34C7D19F8B1C10013B556 /* NoteDataStore.h */ = {isa = PBXFileReference; fileEncoding = 4; lastKnownFileType = sourcecode.c.h; name = NoteDataStore.h; path = ../NoteDataStore.h; sourceTree = "<group>"; };
		05B34C7E19F8B1C10013B556 /* NoteDataStore.m */ = {isa = PBXFileReference; fileEncoding = 4; lastKnownFileType = sourcecode.c.objc; name = NoteDataStore.m; path = ../NoteDataStore.m; sourceTree = "<group>"; };
		05B34C8019F8C8B90013B556 /* EditViewController.h */ = {isa = PBXFileReference; fileEncoding = 4; lastKnownFileType = sourcecode.c.h; name = EditViewController.h; path = ../EditViewController.h; sourceTree = "<group>"; };
		05B34C8119F8C8B90013B556 /* EditViewController.m */ = {isa = PBXFileReference; fileEncoding = 4; lastKnownFileType = sourcecode.c.objc; name = EditViewController.m; path = ../EditViewController.m; sourceTree = "<group>"; };
		05B34C8319F8EFB80013B556 /* NoteTableViewController.h */ = {isa = PBXFileReference; fileEncoding = 4; lastKnownFileType = sourcecode.c.h; path = NoteTableViewController.h; sourceTree = "<group>"; };
		05B34C8419F8EFB80013B556 /* NoteTableViewController.m */ = {isa = PBXFileReference; fileEncoding = 4; lastKnownFileType = sourcecode.c.objc; path = NoteTableViewController.m; sourceTree = "<group>"; };
		05B34C8619F8F0240013B556 /* TableViewCell.h */ = {isa = PBXFileReference; fileEncoding = 4; lastKnownFileType = sourcecode.c.h; path = TableViewCell.h; sourceTree = "<group>"; };
		05B34C8719F8F0240013B556 /* TableViewCell.m */ = {isa = PBXFileReference; fileEncoding = 4; lastKnownFileType = sourcecode.c.objc; path = TableViewCell.m; sourceTree = "<group>"; };
		05B517CA19F9FCBC00055574 /* Note.h */ = {isa = PBXFileReference; fileEncoding = 4; lastKnownFileType = sourcecode.c.h; name = Note.h; path = ../Note.h; sourceTree = "<group>"; };
		05B517CB19F9FCBC00055574 /* Note.m */ = {isa = PBXFileReference; fileEncoding = 4; lastKnownFileType = sourcecode.c.objc; name = Note.m; path = ../Note.m; sourceTree = "<group>"; };
		05CBBEAB19F8666E004BA22F /* LucyList.app */ = {isa = PBXFileReference; explicitFileType = wrapper.application; includeInIndex = 0; path = LucyList.app; sourceTree = BUILT_PRODUCTS_DIR; };
		05CBBEAF19F8666E004BA22F /* Info.plist */ = {isa = PBXFileReference; lastKnownFileType = text.plist.xml; path = Info.plist; sourceTree = "<group>"; };
		05CBBEB019F8666E004BA22F /* main.m */ = {isa = PBXFileReference; lastKnownFileType = sourcecode.c.objc; path = main.m; sourceTree = "<group>"; };
		05CBBEB219F8666E004BA22F /* AppDelegate.h */ = {isa = PBXFileReference; lastKnownFileType = sourcecode.c.h; path = AppDelegate.h; sourceTree = "<group>"; };
		05CBBEB319F8666E004BA22F /* AppDelegate.m */ = {isa = PBXFileReference; lastKnownFileType = sourcecode.c.objc; path = AppDelegate.m; sourceTree = "<group>"; };
		05CBBEB919F8666E004BA22F /* Base */ = {isa = PBXFileReference; lastKnownFileType = file.storyboard; name = Base; path = Base.lproj/Main.storyboard; sourceTree = "<group>"; };
		05CBBEBB19F8666E004BA22F /* Images.xcassets */ = {isa = PBXFileReference; lastKnownFileType = folder.assetcatalog; path = Images.xcassets; sourceTree = "<group>"; };
		05CBBEBE19F8666E004BA22F /* Base */ = {isa = PBXFileReference; lastKnownFileType = file.xib; name = Base; path = Base.lproj/LaunchScreen.xib; sourceTree = "<group>"; };
		05CBBEC419F8666E004BA22F /* LucyListTests.xctest */ = {isa = PBXFileReference; explicitFileType = wrapper.cfbundle; includeInIndex = 0; path = LucyListTests.xctest; sourceTree = BUILT_PRODUCTS_DIR; };
		05CBBEC919F8666E004BA22F /* Info.plist */ = {isa = PBXFileReference; lastKnownFileType = text.plist.xml; path = Info.plist; sourceTree = "<group>"; };
		05CBBECA19F8666E004BA22F /* LucyListTests.m */ = {isa = PBXFileReference; lastKnownFileType = sourcecode.c.objc; path = LucyListTests.m; sourceTree = "<group>"; };
/* End PBXFileReference section */

/* Begin PBXFrameworksBuildPhase section */
		05CBBEA819F8666E004BA22F /* Frameworks */ = {
			isa = PBXFrameworksBuildPhase;
			buildActionMask = 2147483647;
			files = (
			);
			runOnlyForDeploymentPostprocessing = 0;
		};
		05CBBEC119F8666E004BA22F /* Frameworks */ = {
			isa = PBXFrameworksBuildPhase;
			buildActionMask = 2147483647;
			files = (
			);
			runOnlyForDeploymentPostprocessing = 0;
		};
/* End PBXFrameworksBuildPhase section */

/* Begin PBXGroup section */
		05CBBEA219F8666E004BA22F = {
			isa = PBXGroup;
			children = (
				05CBBEAD19F8666E004BA22F /* LucyList */,
				05CBBEC719F8666E004BA22F /* LucyListTests */,
				05CBBEAC19F8666E004BA22F /* Products */,
			);
			sourceTree = "<group>";
		};
		05CBBEAC19F8666E004BA22F /* Products */ = {
			isa = PBXGroup;
			children = (
				05CBBEAB19F8666E004BA22F /* LucyList.app */,
				05CBBEC419F8666E004BA22F /* LucyListTests.xctest */,
			);
			name = Products;
			sourceTree = "<group>";
		};
		05CBBEAD19F8666E004BA22F /* LucyList */ = {
			isa = PBXGroup;
			children = (
				05CBBEB819F8666E004BA22F /* Main.storyboard */,
				05CBBED419F86ACE004BA22F /* Models */,
				05CBBED519F86AD9004BA22F /* Views */,
				05CBBED619F86AE2004BA22F /* Controllers */,
				05CBBEBB19F8666E004BA22F /* Images.xcassets */,
				05CBBEBD19F8666E004BA22F /* LaunchScreen.xib */,
				05CBBEAE19F8666E004BA22F /* Supporting Files */,
			);
			path = LucyList;
			sourceTree = "<group>";
		};
		05CBBEAE19F8666E004BA22F /* Supporting Files */ = {
			isa = PBXGroup;
			children = (
				05CBBEB319F8666E004BA22F /* AppDelegate.m */,
				05CBBEB219F8666E004BA22F /* AppDelegate.h */,
				05CBBEAF19F8666E004BA22F /* Info.plist */,
				05CBBEB019F8666E004BA22F /* main.m */,
			);
			name = "Supporting Files";
			sourceTree = "<group>";
		};
		05CBBEC719F8666E004BA22F /* LucyListTests */ = {
			isa = PBXGroup;
			children = (
				05CBBECA19F8666E004BA22F /* LucyListTests.m */,
				05CBBEC819F8666E004BA22F /* Supporting Files */,
			);
			path = LucyListTests;
			sourceTree = "<group>";
		};
		05CBBEC819F8666E004BA22F /* Supporting Files */ = {
			isa = PBXGroup;
			children = (
				05CBBEC919F8666E004BA22F /* Info.plist */,
			);
			name = "Supporting Files";
			sourceTree = "<group>";
		};
		05CBBED419F86ACE004BA22F /* Models */ = {
			isa = PBXGroup;
			children = (
				05B517CA19F9FCBC00055574 /* Note.h */,
				05B517CB19F9FCBC00055574 /* Note.m */,
				05B34C7D19F8B1C10013B556 /* NoteDataStore.h */,
				05B34C7E19F8B1C10013B556 /* NoteDataStore.m */,
			);
			name = Models;
			sourceTree = "<group>";
		};
		05CBBED519F86AD9004BA22F /* Views */ = {
			isa = PBXGroup;
			children = (
				05B34C8619F8F0240013B556 /* TableViewCell.h */,
				05B34C8719F8F0240013B556 /* TableViewCell.m */,
			);
			name = Views;
			sourceTree = "<group>";
		};
		05CBBED619F86AE2004BA22F /* Controllers */ = {
			isa = PBXGroup;
			children = (
				05B34C8319F8EFB80013B556 /* NoteTableViewController.h */,
				05B34C8419F8EFB80013B556 /* NoteTableViewController.m */,
				05B34C8019F8C8B90013B556 /* EditViewController.h */,
				05B34C8119F8C8B90013B556 /* EditViewController.m */,
			);
			name = Controllers;
			sourceTree = "<group>";
		};
/* End PBXGroup section */

/* Begin PBXNativeTarget section */
		05CBBEAA19F8666E004BA22F /* LucyList */ = {
			isa = PBXNativeTarget;
			buildConfigurationList = 05CBBECE19F8666E004BA22F /* Build configuration list for PBXNativeTarget "LucyList" */;
			buildPhases = (
				05CBBEA719F8666E004BA22F /* Sources */,
				05CBBEA819F8666E004BA22F /* Frameworks */,
				05CBBEA919F8666E004BA22F /* Resources */,
			);
			buildRules = (
			);
			dependencies = (
			);
			name = LucyList;
			productName = LucyList;
			productReference = 05CBBEAB19F8666E004BA22F /* LucyList.app */;
			productType = "com.apple.product-type.application";
		};
		05CBBEC319F8666E004BA22F /* LucyListTests */ = {
			isa = PBXNativeTarget;
			buildConfigurationList = 05CBBED119F8666E004BA22F /* Build configuration list for PBXNativeTarget "LucyListTests" */;
			buildPhases = (
				05CBBEC019F8666E004BA22F /* Sources */,
				05CBBEC119F8666E004BA22F /* Frameworks */,
				05CBBEC219F8666E004BA22F /* Resources */,
			);
			buildRules = (
			);
			dependencies = (
				05CBBEC619F8666E004BA22F /* PBXTargetDependency */,
			);
			name = LucyListTests;
			productName = LucyListTests;
			productReference = 05CBBEC419F8666E004BA22F /* LucyListTests.xctest */;
			productType = "com.apple.product-type.bundle.unit-test";
		};
/* End PBXNativeTarget section */

/* Begin PBXProject section */
		05CBBEA319F8666E004BA22F /* Project object */ = {
			isa = PBXProject;
			attributes = {
				LastUpgradeCheck = 0610;
				ORGANIZATIONNAME = "Nancy  Thornton";
				TargetAttributes = {
					05CBBEAA19F8666E004BA22F = {
						CreatedOnToolsVersion = 6.1;
					};
					05CBBEC319F8666E004BA22F = {
						CreatedOnToolsVersion = 6.1;
						TestTargetID = 05CBBEAA19F8666E004BA22F;
					};
				};
			};
			buildConfigurationList = 05CBBEA619F8666E004BA22F /* Build configuration list for PBXProject "LucyList" */;
			compatibilityVersion = "Xcode 3.2";
			developmentRegion = English;
			hasScannedForEncodings = 0;
			knownRegions = (
				en,
				Base,
			);
			mainGroup = 05CBBEA219F8666E004BA22F;
			productRefGroup = 05CBBEAC19F8666E004BA22F /* Products */;
			projectDirPath = "";
			projectRoot = "";
			targets = (
				05CBBEAA19F8666E004BA22F /* LucyList */,
				05CBBEC319F8666E004BA22F /* LucyListTests */,
			);
		};
/* End PBXProject section */

/* Begin PBXResourcesBuildPhase section */
		05CBBEA919F8666E004BA22F /* Resources */ = {
			isa = PBXResourcesBuildPhase;
			buildActionMask = 2147483647;
			files = (
				05CBBEBA19F8666E004BA22F /* Main.storyboard in Resources */,
				05CBBEBF19F8666E004BA22F /* LaunchScreen.xib in Resources */,
				05CBBEBC19F8666E004BA22F /* Images.xcassets in Resources */,
			);
			runOnlyForDeploymentPostprocessing = 0;
		};
		05CBBEC219F8666E004BA22F /* Resources */ = {
			isa = PBXResourcesBuildPhase;
			buildActionMask = 2147483647;
			files = (
			);
			runOnlyForDeploymentPostprocessing = 0;
		};
/* End PBXResourcesBuildPhase section */

/* Begin PBXSourcesBuildPhase section */
		05CBBEA719F8666E004BA22F /* Sources */ = {
			isa = PBXSourcesBuildPhase;
			buildActionMask = 2147483647;
			files = (
				05B34C8819F8F0240013B556 /* TableViewCell.m in Sources */,
				05CBBEB419F8666E004BA22F /* AppDelegate.m in Sources */,
				05CBBEB119F8666E004BA22F /* main.m in Sources */,
				05B34C7F19F8B1C10013B556 /* NoteDataStore.m in Sources */,
				05B34C8219F8C8B90013B556 /* EditViewController.m in Sources */,
				05B517CC19F9FCBC00055574 /* Note.m in Sources */,
				05B34C8519F8EFB80013B556 /* NoteTableViewController.m in Sources */,
			);
			runOnlyForDeploymentPostprocessing = 0;
		};
		05CBBEC019F8666E004BA22F /* Sources */ = {
			isa = PBXSourcesBuildPhase;
			buildActionMask = 2147483647;
			files = (
				05CBBECB19F8666E004BA22F /* LucyListTests.m in Sources */,
			);
			runOnlyForDeploymentPostprocessing = 0;
		};
/* End PBXSourcesBuildPhase section */

/* Begin PBXTargetDependency section */
		05CBBEC619F8666E004BA22F /* PBXTargetDependency */ = {
			isa = PBXTargetDependency;
			target = 05CBBEAA19F8666E004BA22F /* LucyList */;
			targetProxy = 05CBBEC519F8666E004BA22F /* PBXContainerItemProxy */;
		};
/* End PBXTargetDependency section */

/* Begin PBXVariantGroup section */
		05CBBEB819F8666E004BA22F /* Main.storyboard */ = {
			isa = PBXVariantGroup;
			children = (
				05CBBEB919F8666E004BA22F /* Base */,
			);
			name = Main.storyboard;
			sourceTree = "<group>";
		};
		05CBBEBD19F8666E004BA22F /* LaunchScreen.xib */ = {
			isa = PBXVariantGroup;
			children = (
				05CBBEBE19F8666E004BA22F /* Base */,
			);
			name = LaunchScreen.xib;
			sourceTree = "<group>";
		};
/* End PBXVariantGroup section */

/* Begin XCBuildConfiguration section */
		05CBBECC19F8666E004BA22F /* Debug */ = {
			isa = XCBuildConfiguration;
			buildSettings = {
				ALWAYS_SEARCH_USER_PATHS = NO;
				CLANG_CXX_LANGUAGE_STANDARD = "gnu++0x";
				CLANG_CXX_LIBRARY = "libc++";
				CLANG_ENABLE_MODULES = YES;
				CLANG_ENABLE_OBJC_ARC = YES;
				CLANG_WARN_BOOL_CONVERSION = YES;
				CLANG_WARN_CONSTANT_CONVERSION = YES;
				CLANG_WARN_DIRECT_OBJC_ISA_USAGE = YES_ERROR;
				CLANG_WARN_EMPTY_BODY = YES;
				CLANG_WARN_ENUM_CONVERSION = YES;
				CLANG_WARN_INT_CONVERSION = YES;
				CLANG_WARN_OBJC_ROOT_CLASS = YES_ERROR;
				CLANG_WARN_UNREACHABLE_CODE = YES;
				CLANG_WARN__DUPLICATE_METHOD_MATCH = YES;
				"CODE_SIGN_IDENTITY[sdk=iphoneos*]" = "iPhone Developer";
				COPY_PHASE_STRIP = NO;
				ENABLE_STRICT_OBJC_MSGSEND = YES;
				GCC_C_LANGUAGE_STANDARD = gnu99;
				GCC_DYNAMIC_NO_PIC = NO;
				GCC_OPTIMIZATION_LEVEL = 0;
				GCC_PREPROCESSOR_DEFINITIONS = (
					"DEBUG=1",
					"$(inherited)",
				);
				GCC_SYMBOLS_PRIVATE_EXTERN = NO;
				GCC_WARN_64_TO_32_BIT_CONVERSION = YES;
				GCC_WARN_ABOUT_RETURN_TYPE = YES_ERROR;
				GCC_WARN_UNDECLARED_SELECTOR = YES;
				GCC_WARN_UNINITIALIZED_AUTOS = YES_AGGRESSIVE;
				GCC_WARN_UNUSED_FUNCTION = YES;
				GCC_WARN_UNUSED_VARIABLE = YES;
				IPHONEOS_DEPLOYMENT_TARGET = 8.1;
				MTL_ENABLE_DEBUG_INFO = YES;
				ONLY_ACTIVE_ARCH = YES;
				SDKROOT = iphoneos;
				TARGETED_DEVICE_FAMILY = "1,2";
			};
			name = Debug;
		};
		05CBBECD19F8666E004BA22F /* Release */ = {
			isa = XCBuildConfiguration;
			buildSettings = {
				ALWAYS_SEARCH_USER_PATHS = NO;
				CLANG_CXX_LANGUAGE_STANDARD = "gnu++0x";
				CLANG_CXX_LIBRARY = "libc++";
				CLANG_ENABLE_MODULES = YES;
				CLANG_ENABLE_OBJC_ARC = YES;
				CLANG_WARN_BOOL_CONVERSION = YES;
				CLANG_WARN_CONSTANT_CONVERSION = YES;
				CLANG_WARN_DIRECT_OBJC_ISA_USAGE = YES_ERROR;
				CLANG_WARN_EMPTY_BODY = YES;
				CLANG_WARN_ENUM_CONVERSION = YES;
				CLANG_WARN_INT_CONVERSION = YES;
				CLANG_WARN_OBJC_ROOT_CLASS = YES_ERROR;
				CLANG_WARN_UNREACHABLE_CODE = YES;
				CLANG_WARN__DUPLICATE_METHOD_MATCH = YES;
				"CODE_SIGN_IDENTITY[sdk=iphoneos*]" = "iPhone Developer";
				COPY_PHASE_STRIP = YES;
				ENABLE_NS_ASSERTIONS = NO;
				ENABLE_STRICT_OBJC_MSGSEND = YES;
				GCC_C_LANGUAGE_STANDARD = gnu99;
				GCC_WARN_64_TO_32_BIT_CONVERSION = YES;
				GCC_WARN_ABOUT_RETURN_TYPE = YES_ERROR;
				GCC_WARN_UNDECLARED_SELECTOR = YES;
				GCC_WARN_UNINITIALIZED_AUTOS = YES_AGGRESSIVE;
				GCC_WARN_UNUSED_FUNCTION = YES;
				GCC_WARN_UNUSED_VARIABLE = YES;
				IPHONEOS_DEPLOYMENT_TARGET = 8.1;
				MTL_ENABLE_DEBUG_INFO = NO;
				SDKROOT = iphoneos;
				TARGETED_DEVICE_FAMILY = "1,2";
				VALIDATE_PRODUCT = YES;
			};
			name = Release;
		};
		05CBBECF19F8666E004BA22F /* Debug */ = {
			isa = XCBuildConfiguration;
			buildSettings = {
				ASSETCATALOG_COMPILER_APPICON_NAME = AppIcon;
				INFOPLIST_FILE = LucyList/Info.plist;
				LD_RUNPATH_SEARCH_PATHS = "$(inherited) @executable_path/Frameworks";
				PRODUCT_NAME = "$(TARGET_NAME)";
			};
			name = Debug;
		};
		05CBBED019F8666E004BA22F /* Release */ = {
			isa = XCBuildConfiguration;
			buildSettings = {
				ASSETCATALOG_COMPILER_APPICON_NAME = AppIcon;
				INFOPLIST_FILE = LucyList/Info.plist;
				LD_RUNPATH_SEARCH_PATHS = "$(inherited) @executable_path/Frameworks";
				PRODUCT_NAME = "$(TARGET_NAME)";
			};
			name = Release;
		};
		05CBBED219F8666E004BA22F /* Debug */ = {
			isa = XCBuildConfiguration;
			buildSettings = {
				BUNDLE_LOADER = "$(TEST_HOST)";
				FRAMEWORK_SEARCH_PATHS = (
					"$(SDKROOT)/Developer/Library/Frameworks",
					"$(inherited)",
				);
				GCC_PREPROCESSOR_DEFINITIONS = (
					"DEBUG=1",
					"$(inherited)",
				);
				INFOPLIST_FILE = LucyListTests/Info.plist;
				LD_RUNPATH_SEARCH_PATHS = "$(inherited) @executable_path/Frameworks @loader_path/Frameworks";
				PRODUCT_NAME = "$(TARGET_NAME)";
				TEST_HOST = "$(BUILT_PRODUCTS_DIR)/LucyList.app/LucyList";
			};
			name = Debug;
		};
		05CBBED319F8666E004BA22F /* Release */ = {
			isa = XCBuildConfiguration;
			buildSettings = {
				BUNDLE_LOADER = "$(TEST_HOST)";
				FRAMEWORK_SEARCH_PATHS = (
					"$(SDKROOT)/Developer/Library/Frameworks",
					"$(inherited)",
				);
				INFOPLIST_FILE = LucyListTests/Info.plist;
				LD_RUNPATH_SEARCH_PATHS = "$(inherited) @executable_path/Frameworks @loader_path/Frameworks";
				PRODUCT_NAME = "$(TARGET_NAME)";
				TEST_HOST = "$(BUILT_PRODUCTS_DIR)/LucyList.app/LucyList";
			};
			name = Release;
		};
/* End XCBuildConfiguration section */

/* Begin XCConfigurationList section */
		05CBBEA619F8666E004BA22F /* Build configuration list for PBXProject "LucyList" */ = {
			isa = XCConfigurationList;
			buildConfigurations = (
				05CBBECC19F8666E004BA22F /* Debug */,
				05CBBECD19F8666E004BA22F /* Release */,
			);
			defaultConfigurationIsVisible = 0;
			defaultConfigurationName = Release;
		};
		05CBBECE19F8666E004BA22F /* Build configuration list for PBXNativeTarget "LucyList" */ = {
			isa = XCConfigurationList;
			buildConfigurations = (
				05CBBECF19F8666E004BA22F /* Debug */,
				05CBBED019F8666E004BA22F /* Release */,
			);
			defaultConfigurationIsVisible = 0;
			defaultConfigurationName = Release;
		};
		05CBBED119F8666E004BA22F /* Build configuration list for PBXNativeTarget "LucyListTests" */ = {
			isa = XCConfigurationList;
			buildConfigurations = (
				05CBBED219F8666E004BA22F /* Debug */,
				05CBBED319F8666E004BA22F /* Release */,
			);
			defaultConfigurationIsVisible = 0;
			defaultConfigurationName = Release;
		};
/* End XCConfigurationList section */
	};
	rootObject = 05CBBEA319F8666E004BA22F /* Project object */;
}
